
Microsoft Visual Studio Solution File, Format Version 12.00
# Visual Studio 15
VisualStudioVersion = 15.0.28307.271
MinimumVisualStudioVersion = 10.0.40219.1
Project("{FAE04EC0-301F-11D3-BF4B-00C04F79EFBC}") = "B2BPlatform", "B2BPlatform\B2BPlatform.csproj", "{C5E0766C-283E-4CBC-B3F4-C17F5168D293}"
EndProject
Project("{FAE04EC0-301F-11D3-BF4B-00C04F79EFBC}") = "Common", "Common\Common.csproj", "{93771777-DBE2-4862-AC28-649D38937E21}"
EndProject
Project("{FAE04EC0-301F-11D3-BF4B-00C04F79EFBC}") = "HWb2bAccess", "HWb2bAccess\HWb2bAccess.csproj", "{DC923EAA-A3D9-4BC1-ADB0-5FF3574CD096}"
EndProject
Project("{FAE04EC0-301F-11D3-BF4B-00C04F79EFBC}") = "K3Access", "K3Access\K3Access.csproj", "{0C24AFC3-A7B1-4662-B3F9-9A81921220D5}"
EndProject
Global
	GlobalSection(SolutionConfigurationPlatforms) = preSolution
		Debug|Any CPU = Debug|Any CPU
		Release|Any CPU = Release|Any CPU
	EndGlobalSection
	GlobalSection(ProjectConfigurationPlatforms) = postSolution
		{C5E0766C-283E-4CBC-B3F4-C17F5168D293}.Debug|Any CPU.ActiveCfg = Debug|Any CPU
		{C5E0766C-283E-4CBC-B3F4-C17F5168D293}.Debug|Any CPU.Build.0 = Debug|Any CPU
		{C5E0766C-283E-4CBC-B3F4-C17F5168D293}.Release|Any CPU.ActiveCfg = Release|Any CPU
		{C5E0766C-283E-4CBC-B3F4-C17F5168D293}.Release|Any CPU.Build.0 = Release|Any CPU
		{93771777-DBE2-4862-AC28-649D38937E21}.Debug|Any CPU.ActiveCfg = Debug|Any CPU
		{93771777-DBE2-4862-AC28-649D38937E21}.Debug|Any CPU.Build.0 = Debug|Any CPU
		{93771777-DBE2-4862-AC28-649D38937E21}.Release|Any CPU.ActiveCfg = Release|Any CPU
		{93771777-DBE2-4862-AC28-649D38937E21}.Release|Any CPU.Build.0 = Release|Any CPU
		{DC923EAA-A3D9-4BC1-ADB0-5FF3574CD096}.Debug|Any CPU.ActiveCfg = Debug|Any CPU
		{DC923EAA-A3D9-4BC1-ADB0-5FF3574CD096}.Debug|Any CPU.Build.0 = Debug|Any CPU
		{DC923EAA-A3D9-4BC1-ADB0-5FF3574CD096}.Release|Any CPU.ActiveCfg = Release|Any CPU
		{DC923EAA-A3D9-4BC1-ADB0-5FF3574CD096}.Release|Any CPU.Build.0 = Release|Any CPU
		{0C24AFC3-A7B1-4662-B3F9-9A81921220D5}.Debug|Any CPU.ActiveCfg = Debug|Any CPU
		{0C24AFC3-A7B1-4662-B3F9-9A81921220D5}.Debug|Any CPU.Build.0 = Debug|Any CPU
		{0C24AFC3-A7B1-4662-B3F9-9A81921220D5}.Release|Any CPU.ActiveCfg = Release|Any CPU
		{0C24AFC3-A7B1-4662-B3F9-9A81921220D5}.Release|Any CPU.Build.0 = Release|Any CPU
	EndGlobalSection
	GlobalSection(SolutionProperties) = preSolution
		HideSolutionNode = FALSE
	EndGlobalSection
	GlobalSection(ExtensibilityGlobals) = postSolution
		SolutionGuid = {D6273401-FD70-44F2-AFBD-F9EF789E56A9}
	EndGlobalSection
EndGlobal
